// !$*UTF8*$!
{
	archiveVersion = 1;
	classes = {
	};
	objectVersion = 50;
	objects = {

/* Begin PBXBuildFile section */
		D4980B9E2207F98300DAE6E0 /* AppDelegate.swift in Sources */ = {isa = PBXBuildFile; fileRef = D4980B9D2207F98300DAE6E0 /* AppDelegate.swift */; };
		D4980BA02207F98300DAE6E0 /* ViewController.swift in Sources */ = {isa = PBXBuildFile; fileRef = D4980B9F2207F98300DAE6E0 /* ViewController.swift */; };
		D4980BA32207F98300DAE6E0 /* Main.storyboard in Resources */ = {isa = PBXBuildFile; fileRef = D4980BA12207F98300DAE6E0 /* Main.storyboard */; };
		D4980BA52207F98400DAE6E0 /* Assets.xcassets in Resources */ = {isa = PBXBuildFile; fileRef = D4980BA42207F98400DAE6E0 /* Assets.xcassets */; };
		D4980BA82207F98400DAE6E0 /* LaunchScreen.storyboard in Resources */ = {isa = PBXBuildFile; fileRef = D4980BA62207F98400DAE6E0 /* LaunchScreen.storyboard */; };
		D4FD43CA2208276D00F00118 /* CustomCell.swift in Sources */ = {isa = PBXBuildFile; fileRef = D4FD43C92208276D00F00118 /* CustomCell.swift */; };
		E59B48B866F2074B3A2FA01A /* Pods_HelloCalendar.framework in Frameworks */ = {isa = PBXBuildFile; fileRef = EDDCEFFF3BE1519D438EEA73 /* Pods_HelloCalendar.framework */; };
/* End PBXBuildFile section */

/* Begin PBXFileReference section */
		03B4DA89644C24D01FB73D93 /* Pods-HelloCalendar.debug.xcconfig */ = {isa = PBXFileReference; includeInIndex = 1; lastKnownFileType = text.xcconfig; name = "Pods-HelloCalendar.debug.xcconfig"; path = "Pods/Target Support Files/Pods-HelloCalendar/Pods-HelloCalendar.debug.xcconfig"; sourceTree = "<group>"; };
		6F69ED292BD0F04B5FB62B8F /* Pods-HelloCalendar.release.xcconfig */ = {isa = PBXFileReference; includeInIndex = 1; lastKnownFileType = text.xcconfig; name = "Pods-HelloCalendar.release.xcconfig"; path = "Pods/Target Support Files/Pods-HelloCalendar/Pods-HelloCalendar.release.xcconfig"; sourceTree = "<group>"; };
		D4980B9A2207F98300DAE6E0 /* HelloCalendar.app */ = {isa = PBXFileReference; explicitFileType = wrapper.application; includeInIndex = 0; path = HelloCalendar.app; sourceTree = BUILT_PRODUCTS_DIR; };
		D4980B9D2207F98300DAE6E0 /* AppDelegate.swift */ = {isa = PBXFileReference; lastKnownFileType = sourcecode.swift; path = AppDelegate.swift; sourceTree = "<group>"; };
		D4980B9F2207F98300DAE6E0 /* ViewController.swift */ = {isa = PBXFileReference; lastKnownFileType = sourcecode.swift; path = ViewController.swift; sourceTree = "<group>"; };
		D4980BA22207F98300DAE6E0 /* Base */ = {isa = PBXFileReference; lastKnownFileType = file.storyboard; name = Base; path = Base.lproj/Main.storyboard; sourceTree = "<group>"; };
		D4980BA42207F98400DAE6E0 /* Assets.xcassets */ = {isa = PBXFileReference; lastKnownFileType = folder.assetcatalog; path = Assets.xcassets; sourceTree = "<group>"; };
		D4980BA72207F98400DAE6E0 /* Base */ = {isa = PBXFileReference; lastKnownFileType = file.storyboard; name = Base; path = Base.lproj/LaunchScreen.storyboard; sourceTree = "<group>"; };
		D4980BA92207F98400DAE6E0 /* Info.plist */ = {isa = PBXFileReference; lastKnownFileType = text.plist.xml; path = Info.plist; sourceTree = "<group>"; };
		D4FD43C92208276D00F00118 /* CustomCell.swift */ = {isa = PBXFileReference; lastKnownFileType = sourcecode.swift; path = CustomCell.swift; sourceTree = "<group>"; };
		EDDCEFFF3BE1519D438EEA73 /* Pods_HelloCalendar.framework */ = {isa = PBXFileReference; explicitFileType = wrapper.framework; includeInIndex = 0; path = Pods_HelloCalendar.framework; sourceTree = BUILT_PRODUCTS_DIR; };
/* End PBXFileReference section */

/* Begin PBXFrameworksBuildPhase section */
		D4980B972207F98300DAE6E0 /* Frameworks */ = {
			isa = PBXFrameworksBuildPhase;
			buildActionMask = 2147483647;
			files = (
				E59B48B866F2074B3A2FA01A /* Pods_HelloCalendar.framework in Frameworks */,
			);
			runOnlyForDeploymentPostprocessing = 0;
		};
/* End PBXFrameworksBuildPhase section */

/* Begin PBXGroup section */
		22411BF7D9DBF4640E9DA142 /* Pods */ = {
			isa = PBXGroup;
			children = (
				03B4DA89644C24D01FB73D93 /* Pods-HelloCalendar.debug.xcconfig */,
				6F69ED292BD0F04B5FB62B8F /* Pods-HelloCalendar.release.xcconfig */,
			);
			name = Pods;
			sourceTree = "<group>";
		};
		D4980B912207F98300DAE6E0 = {
			isa = PBXGroup;
			children = (
				D4980B9C2207F98300DAE6E0 /* HelloCalendar */,
				D4980B9B2207F98300DAE6E0 /* Products */,
				22411BF7D9DBF4640E9DA142 /* Pods */,
				F8D73C5E8AD571B361BE570A /* Frameworks */,
			);
			sourceTree = "<group>";
		};
		D4980B9B2207F98300DAE6E0 /* Products */ = {
			isa = PBXGroup;
			children = (
				D4980B9A2207F98300DAE6E0 /* HelloCalendar.app */,
			);
			name = Products;
			sourceTree = "<group>";
		};
		D4980B9C2207F98300DAE6E0 /* HelloCalendar */ = {
			isa = PBXGroup;
			children = (
				D4980B9D2207F98300DAE6E0 /* AppDelegate.swift */,
				D4980B9F2207F98300DAE6E0 /* ViewController.swift */,
				D4980BA12207F98300DAE6E0 /* Main.storyboard */,
				D4980BA42207F98400DAE6E0 /* Assets.xcassets */,
				D4980BA62207F98400DAE6E0 /* LaunchScreen.storyboard */,
				D4980BA92207F98400DAE6E0 /* Info.plist */,
				D4FD43C92208276D00F00118 /* CustomCell.swift */,
			);
			path = HelloCalendar;
			sourceTree = "<group>";
		};
		F8D73C5E8AD571B361BE570A /* Frameworks */ = {
			isa = PBXGroup;
			children = (
				EDDCEFFF3BE1519D438EEA73 /* Pods_HelloCalendar.framework */,
			);
			name = Frameworks;
			sourceTree = "<group>";
		};
/* End PBXGroup section */

/* Begin PBXNativeTarget section */
		D4980B992207F98300DAE6E0 /* HelloCalendar */ = {
			isa = PBXNativeTarget;
			buildConfigurationList = D4980BAC2207F98400DAE6E0 /* Build configuration list for PBXNativeTarget "HelloCalendar" */;
			buildPhases = (
				944A9113BA87FEFD3278F238 /* [CP] Check Pods Manifest.lock */,
				D4980B962207F98300DAE6E0 /* Sources */,
				D4980B972207F98300DAE6E0 /* Frameworks */,
				D4980B982207F98300DAE6E0 /* Resources */,
				DA44231C8D1B706FB321B399 /* [CP] Embed Pods Frameworks */,
			);
			buildRules = (
			);
			dependencies = (
			);
			name = HelloCalendar;
			productName = HelloCalendar;
			productReference = D4980B9A2207F98300DAE6E0 /* HelloCalendar.app */;
			productType = "com.apple.product-type.application";
		};
/* End PBXNativeTarget section */

/* Begin PBXProject section */
		D4980B922207F98300DAE6E0 /* Project object */ = {
			isa = PBXProject;
			attributes = {
				LastSwiftUpdateCheck = 1010;
				LastUpgradeCheck = 1010;
				ORGANIZATIONNAME = once;
				TargetAttributes = {
					D4980B992207F98300DAE6E0 = {
						CreatedOnToolsVersion = 10.1;
					};
				};
			};
			buildConfigurationList = D4980B952207F98300DAE6E0 /* Build configuration list for PBXProject "HelloCalendar" */;
			compatibilityVersion = "Xcode 9.3";
			developmentRegion = en;
			hasScannedForEncodings = 0;
			knownRegions = (
				en,
				Base,
			);
			mainGroup = D4980B912207F98300DAE6E0;
			productRefGroup = D4980B9B2207F98300DAE6E0 /* Products */;
			projectDirPath = "";
			projectRoot = "";
			targets = (
				D4980B992207F98300DAE6E0 /* HelloCalendar */,
			);
		};
/* End PBXProject section */

/* Begin PBXResourcesBuildPhase section */
		D4980B982207F98300DAE6E0 /* Resources */ = {
			isa = PBXResourcesBuildPhase;
			buildActionMask = 2147483647;
			files = (
				D4980BA82207F98400DAE6E0 /* LaunchScreen.storyboard in Resources */,
				D4980BA52207F98400DAE6E0 /* Assets.xcassets in Resources */,
				D4980BA32207F98300DAE6E0 /* Main.storyboard in Resources */,
			);
			runOnlyForDeploymentPostprocessing = 0;
		};
/* End PBXResourcesBuildPhase section */

/* Begin PBXShellScriptBuildPhase section */
		944A9113BA87FEFD3278F238 /* [CP] Check Pods Manifest.lock */ = {
			isa = PBXShellScriptBuildPhase;
			buildActionMask = 2147483647;
			files = (
			);
			inputFileListPaths = (
			);
			inputPaths = (
				"${PODS_PODFILE_DIR_PATH}/Podfile.lock",
				"${PODS_ROOT}/Manifest.lock",
			);
			name = "[CP] Check Pods Manifest.lock";
			outputFileListPaths = (
			);
			outputPaths = (
				"$(DERIVED_FILE_DIR)/Pods-HelloCalendar-checkManifestLockResult.txt",
			);
			runOnlyForDeploymentPostprocessing = 0;
			shellPath = /bin/sh;
			shellScript = "diff \"${PODS_PODFILE_DIR_PATH}/Podfile.lock\" \"${PODS_ROOT}/Manifest.lock\" > /dev/null\nif [ $? != 0 ] ; then\n    # print error to STDERR\n    echo \"error: The sandbox is not in sync with the Podfile.lock. Run 'pod install' or update your CocoaPods installation.\" >&2\n    exit 1\nfi\n# This output is used by Xcode 'outputs' to avoid re-running this script phase.\necho \"SUCCESS\" > \"${SCRIPT_OUTPUT_FILE_0}\"\n";
			showEnvVarsInLog = 0;
		};
		DA44231C8D1B706FB321B399 /* [CP] Embed Pods Frameworks */ = {
			isa = PBXShellScriptBuildPhase;
			buildActionMask = 2147483647;
			files = (
			);
			inputFileListPaths = (
			);
			inputPaths = (
				"${SRCROOT}/Pods/Target Support Files/Pods-HelloCalendar/Pods-HelloCalendar-frameworks.sh",
				"${BUILT_PRODUCTS_DIR}/JTAppleCalendar/JTAppleCalendar.framework",
			);
			name = "[CP] Embed Pods Frameworks";
			outputFileListPaths = (
			);
			outputPaths = (
				"${TARGET_BUILD_DIR}/${FRAMEWORKS_FOLDER_PATH}/JTAppleCalendar.framework",
			);
			runOnlyForDeploymentPostprocessing = 0;
			shellPath = /bin/sh;
			shellScript = "\"${SRCROOT}/Pods/Target Support Files/Pods-HelloCalendar/Pods-HelloCalendar-frameworks.sh\"\n";
			showEnvVarsInLog = 0;
		};
/* End PBXShellScriptBuildPhase section */

/* Begin PBXSourcesBuildPhase section */
		D4980B962207F98300DAE6E0 /* Sources */ = {
			isa = PBXSourcesBuildPhase;
			buildActionMask = 2147483647;
			files = (
				D4980BA02207F98300DAE6E0 /* ViewController.swift in Sources */,
				D4FD43CA2208276D00F00118 /* CustomCell.swift in Sources */,
				D4980B9E2207F98300DAE6E0 /* AppDelegate.swift in Sources */,
			);
			runOnlyForDeploymentPostprocessing = 0;
		};
/* End PBXSourcesBuildPhase section */

/* Begin PBXVariantGroup section */
		D4980BA12207F98300DAE6E0 /* Main.storyboard */ = {
			isa = PBXVariantGroup;
			children = (
				D4980BA22207F98300DAE6E0 /* Base */,
			);
			name = Main.storyboard;
			sourceTree = "<group>";
		};
		D4980BA62207F98400DAE6E0 /* LaunchScreen.storyboard */ = {
			isa = PBXVariantGroup;
			children = (
				D4980BA72207F98400DAE6E0 /* Base */,
			);
			name = LaunchScreen.storyboard;
			sourceTree = "<group>";
		};
/* End PBXVariantGroup section */

/* Begin XCBuildConfiguration section */
		D4980BAA2207F98400DAE6E0 /* Debug */ = {
			isa = XCBuildConfiguration;
			buildSettings = {
				ALWAYS_SEARCH_USER_PATHS = NO;
				CLANG_ANALYZER_NONNULL = YES;
				CLANG_ANALYZER_NUMBER_OBJECT_CONVERSION = YES_AGGRESSIVE;
				CLANG_CXX_LANGUAGE_STANDARD = "gnu++14";
				CLANG_CXX_LIBRARY = "libc++";
				CLANG_ENABLE_MODULES = YES;
				CLANG_ENABLE_OBJC_ARC = YES;
				CLANG_ENABLE_OBJC_WEAK = YES;
				CLANG_WARN_BLOCK_CAPTURE_AUTORELEASING = YES;
				CLANG_WARN_BOOL_CONVERSION = YES;
				CLANG_WARN_COMMA = YES;
				CLANG_WARN_CONSTANT_CONVERSION = YES;
				CLANG_WARN_DEPRECATED_OBJC_IMPLEMENTATIONS = YES;
				CLANG_WARN_DIRECT_OBJC_ISA_USAGE = YES_ERROR;
				CLANG_WARN_DOCUMENTATION_COMMENTS = YES;
				CLANG_WARN_EMPTY_BODY = YES;
				CLANG_WARN_ENUM_CONVERSION = YES;
				CLANG_WARN_INFINITE_RECURSION = YES;
				CLANG_WARN_INT_CONVERSION = YES;
				CLANG_WARN_NON_LITERAL_NULL_CONVERSION = YES;
				CLANG_WARN_OBJC_IMPLICIT_RETAIN_SELF = YES;
				CLANG_WARN_OBJC_LITERAL_CONVERSION = YES;
				CLANG_WARN_OBJC_ROOT_CLASS = YES_ERROR;
				CLANG_WARN_RANGE_LOOP_ANALYSIS = YES;
				CLANG_WARN_STRICT_PROTOTYPES = YES;
				CLANG_WARN_SUSPICIOUS_MOVE = YES;
				CLANG_WARN_UNGUARDED_AVAILABILITY = YES_AGGRESSIVE;
				CLANG_WARN_UNREACHABLE_CODE = YES;
				CLANG_WARN__DUPLICATE_METHOD_MATCH = YES;
				CODE_SIGN_IDENTITY = "iPhone Developer";
				COPY_PHASE_STRIP = NO;
				DEBUG_INFORMATION_FORMAT = dwarf;
				ENABLE_STRICT_OBJC_MSGSEND = YES;
				ENABLE_TESTABILITY = YES;
				GCC_C_LANGUAGE_STANDARD = gnu11;
				GCC_DYNAMIC_NO_PIC = NO;
				GCC_NO_COMMON_BLOCKS = YES;
				GCC_OPTIMIZATION_LEVEL = 0;
				GCC_PREPROCESSOR_DEFINITIONS = (
					"DEBUG=1",
					"$(inherited)",
				);
				GCC_WARN_64_TO_32_BIT_CONVERSION = YES;
				GCC_WARN_ABOUT_RETURN_TYPE = YES_ERROR;
				GCC_WARN_UNDECLARED_SELECTOR = YES;
				GCC_WARN_UNINITIALIZED_AUTOS = YES_AGGRESSIVE;
				GCC_WARN_UNUSED_FUNCTION = YES;
				GCC_WARN_UNUSED_VARIABLE = YES;
				IPHONEOS_DEPLOYMENT_TARGET = 12.1;
				MTL_ENABLE_DEBUG_INFO = INCLUDE_SOURCE;
				MTL_FAST_MATH = YES;
				ONLY_ACTIVE_ARCH = YES;
				SDKROOT = iphoneos;
				SWIFT_ACTIVE_COMPILATION_CONDITIONS = DEBUG;
				SWIFT_OPTIMIZATION_LEVEL = "-Onone";
			};
			name = Debug;
		};
		D4980BAB2207F98400DAE6E0 /* Release */ = {
			isa = XCBuildConfiguration;
			buildSettings = {
				ALWAYS_SEARCH_USER_PATHS = NO;
				CLANG_ANALYZER_NONNULL = YES;
				CLANG_ANALYZER_NUMBER_OBJECT_CONVERSION = YES_AGGRESSIVE;
				CLANG_CXX_LANGUAGE_STANDARD = "gnu++14";
				CLANG_CXX_LIBRARY = "libc++";
				CLANG_ENABLE_MODULES = YES;
				CLANG_ENABLE_OBJC_ARC = YES;
				CLANG_ENABLE_OBJC_WEAK = YES;
				CLANG_WARN_BLOCK_CAPTURE_AUTORELEASING = YES;
				CLANG_WARN_BOOL_CONVERSION = YES;
				CLANG_WARN_COMMA = YES;
				CLANG_WARN_CONSTANT_CONVERSION = YES;
				CLANG_WARN_DEPRECATED_OBJC_IMPLEMENTATIONS = YES;
				CLANG_WARN_DIRECT_OBJC_ISA_USAGE = YES_ERROR;
				CLANG_WARN_DOCUMENTATION_COMMENTS = YES;
				CLANG_WARN_EMPTY_BODY = YES;
				CLANG_WARN_ENUM_CONVERSION = YES;
				CLANG_WARN_INFINITE_RECURSION = YES;
				CLANG_WARN_INT_CONVERSION = YES;
				CLANG_WARN_NON_LITERAL_NULL_CONVERSION = YES;
				CLANG_WARN_OBJC_IMPLICIT_RETAIN_SELF = YES;
				CLANG_WARN_OBJC_LITERAL_CONVERSION = YES;
				CLANG_WARN_OBJC_ROOT_CLASS = YES_ERROR;
				CLANG_WARN_RANGE_LOOP_ANALYSIS = YES;
				CLANG_WARN_STRICT_PROTOTYPES = YES;
				CLANG_WARN_SUSPICIOUS_MOVE = YES;
				CLANG_WARN_UNGUARDED_AVAILABILITY = YES_AGGRESSIVE;
				CLANG_WARN_UNREACHABLE_CODE = YES;
				CLANG_WARN__DUPLICATE_METHOD_MATCH = YES;
				CODE_SIGN_IDENTITY = "iPhone Developer";
				COPY_PHASE_STRIP = NO;
				DEBUG_INFORMATION_FORMAT = "dwarf-with-dsym";
				ENABLE_NS_ASSERTIONS = NO;
				ENABLE_STRICT_OBJC_MSGSEND = YES;
				GCC_C_LANGUAGE_STANDARD = gnu11;
				GCC_NO_COMMON_BLOCKS = YES;
				GCC_WARN_64_TO_32_BIT_CONVERSION = YES;
				GCC_WARN_ABOUT_RETURN_TYPE = YES_ERROR;
				GCC_WARN_UNDECLARED_SELECTOR = YES;
				GCC_WARN_UNINITIALIZED_AUTOS = YES_AGGRESSIVE;
				GCC_WARN_UNUSED_FUNCTION = YES;
				GCC_WARN_UNUSED_VARIABLE = YES;
				IPHONEOS_DEPLOYMENT_TARGET = 12.1;
				MTL_ENABLE_DEBUG_INFO = NO;
				MTL_FAST_MATH = YES;
				SDKROOT = iphoneos;
				SWIFT_COMPILATION_MODE = wholemodule;
				SWIFT_OPTIMIZATION_LEVEL = "-O";
				VALIDATE_PRODUCT = YES;
			};
			name = Release;
		};
		D4980BAD2207F98400DAE6E0 /* Debug */ = {
			isa = XCBuildConfiguration;
			baseConfigurationReference = 03B4DA89644C24D01FB73D93 /* Pods-HelloCalendar.debug.xcconfig */;
			buildSettings = {
				ASSETCATALOG_COMPILER_APPICON_NAME = AppIcon;
				CODE_SIGN_STYLE = Automatic;
				INFOPLIST_FILE = HelloCalendar/Info.plist;
				LD_RUNPATH_SEARCH_PATHS = (
					"$(inherited)",
					"@executable_path/Frameworks",
				);
				PRODUCT_BUNDLE_IDENTIFIER = com.once.HelloCalendar;
				PRODUCT_NAME = "$(TARGET_NAME)";
				SWIFT_VERSION = 4.2;
				TARGETED_DEVICE_FAMILY = "1,2";
			};
			name = Debug;
		};
		D4980BAE2207F98400DAE6E0 /* Release */ = {
			isa = XCBuildConfiguration;
			baseConfigurationReference = 6F69ED292BD0F04B5FB62B8F /* Pods-HelloCalendar.release.xcconfig */;
			buildSettings = {
				ASSETCATALOG_COMPILER_APPICON_NAME = AppIcon;
				CODE_SIGN_STYLE = Automatic;
				INFOPLIST_FILE = HelloCalendar/Info.plist;
				LD_RUNPATH_SEARCH_PATHS = (
					"$(inherited)",
					"@executable_path/Frameworks",
				);
				PRODUCT_BUNDLE_IDENTIFIER = com.once.HelloCalendar;
				PRODUCT_NAME = "$(TARGET_NAME)";
				SWIFT_VERSION = 4.2;
				TARGETED_DEVICE_FAMILY = "1,2";
			};
			name = Release;
		};
/* End XCBuildConfiguration section */

/* Begin XCConfigurationList section */
		D4980B952207F98300DAE6E0 /* Build configuration list for PBXProject "HelloCalendar" */ = {
			isa = XCConfigurationList;
			buildConfigurations = (
				D4980BAA2207F98400DAE6E0 /* Debug */,
				D4980BAB2207F98400DAE6E0 /* Release */,
			);
			defaultConfigurationIsVisible = 0;
			defaultConfigurationName = Release;
		};
		D4980BAC2207F98400DAE6E0 /* Build configuration list for PBXNativeTarget "HelloCalendar" */ = {
			isa = XCConfigurationList;
			buildConfigurations = (
				D4980BAD2207F98400DAE6E0 /* Debug */,
				D4980BAE2207F98400DAE6E0 /* Release */,
			);
			defaultConfigurationIsVisible = 0;
			defaultConfigurationName = Release;
		};
/* End XCConfigurationList section */
	};
	rootObject = D4980B922207F98300DAE6E0 /* Project object */;
}
